
Microsoft Visual Studio Solution File, Format Version 12.00
Project("{FAE04EC0-301F-11D3-BF4B-00C04F79EFBC}") = "ComponentCouplingMetrics", "ComponentCouplingMetrics\ComponentCouplingMetrics.csproj", "{AFC77115-B407-4430-B2B0-C9CFAAEFBF1B}"
EndProject
Project("{FAE04EC0-301F-11D3-BF4B-00C04F79EFBC}") = "ComponentCouplingMetrics.Test", "ComponentCouplingMetrics.Test\ComponentCouplingMetrics.Test.csproj", "{354FD4FE-538F-4746-A38B-9A277C147F7E}"
EndProject
Project("{FAE04EC0-301F-11D3-BF4B-00C04F79EFBC}") = "ComponentMetrics.Entities", "ComponentMetrics.Entities\ComponentMetrics.Entities.csproj", "{E643A984-6F28-4EDA-A99D-0F9C85D4AF2C}"
EndProject
Project("{FAE04EC0-301F-11D3-BF4B-00C04F79EFBC}") = "ComponentMetrics.Entities.Test", "ComponentMetrics.Entities.Test\ComponentMetrics.Entities.Test.csproj", "{BDA405B9-5E26-4395-B5DA-889B7441A4A1}"
EndProject
Global
	GlobalSection(SolutionConfigurationPlatforms) = preSolution
		Debug|Any CPU = Debug|Any CPU
		Release|Any CPU = Release|Any CPU
	EndGlobalSection
	GlobalSection(ProjectConfigurationPlatforms) = postSolution
		{AFC77115-B407-4430-B2B0-C9CFAAEFBF1B}.Debug|Any CPU.ActiveCfg = Debug|Any CPU
		{AFC77115-B407-4430-B2B0-C9CFAAEFBF1B}.Debug|Any CPU.Build.0 = Debug|Any CPU
		{AFC77115-B407-4430-B2B0-C9CFAAEFBF1B}.Release|Any CPU.ActiveCfg = Release|Any CPU
		{AFC77115-B407-4430-B2B0-C9CFAAEFBF1B}.Release|Any CPU.Build.0 = Release|Any CPU
		{354FD4FE-538F-4746-A38B-9A277C147F7E}.Debug|Any CPU.ActiveCfg = Debug|Any CPU
		{354FD4FE-538F-4746-A38B-9A277C147F7E}.Debug|Any CPU.Build.0 = Debug|Any CPU
		{354FD4FE-538F-4746-A38B-9A277C147F7E}.Release|Any CPU.ActiveCfg = Release|Any CPU
		{354FD4FE-538F-4746-A38B-9A277C147F7E}.Release|Any CPU.Build.0 = Release|Any CPU
		{E643A984-6F28-4EDA-A99D-0F9C85D4AF2C}.Debug|Any CPU.ActiveCfg = Debug|Any CPU
		{E643A984-6F28-4EDA-A99D-0F9C85D4AF2C}.Debug|Any CPU.Build.0 = Debug|Any CPU
		{E643A984-6F28-4EDA-A99D-0F9C85D4AF2C}.Release|Any CPU.ActiveCfg = Release|Any CPU
		{E643A984-6F28-4EDA-A99D-0F9C85D4AF2C}.Release|Any CPU.Build.0 = Release|Any CPU
		{BDA405B9-5E26-4395-B5DA-889B7441A4A1}.Debug|Any CPU.ActiveCfg = Debug|Any CPU
		{BDA405B9-5E26-4395-B5DA-889B7441A4A1}.Debug|Any CPU.Build.0 = Debug|Any CPU
		{BDA405B9-5E26-4395-B5DA-889B7441A4A1}.Release|Any CPU.ActiveCfg = Release|Any CPU
		{BDA405B9-5E26-4395-B5DA-889B7441A4A1}.Release|Any CPU.Build.0 = Release|Any CPU
	EndGlobalSection
EndGlobal
